
Microsoft Visual Studio Solution File, Format Version 12.00
# Visual Studio Version 16
VisualStudioVersion = 16.0.29806.167
MinimumVisualStudioVersion = 10.0.40219.1
Project("{FAE04EC0-301F-11D3-BF4B-00C04F79EFBC}") = "HW06.Task1", "HW06.Task1\HW06.Task1.csproj", "{D65A7443-3D63-4CAE-A6A3-E1081CE8AAD1}"
EndProject
Project("{FAE04EC0-301F-11D3-BF4B-00C04F79EFBC}") = "HW06.Task2", "HW06.Task2\HW06.Task2.csproj", "{A31B3C14-83C3-481B-AC3A-FCBF706E9ABB}"
EndProject
Project("{FAE04EC0-301F-11D3-BF4B-00C04F79EFBC}") = "HW06.Task3", "HW06.Task3\HW06.Task3.csproj", "{803B821E-403D-4EF3-8A3C-EE575E6804BC}"
EndProject
Project("{FAE04EC0-301F-11D3-BF4B-00C04F79EFBC}") = "HW06.Optionally", "HW06.Optionally\HW06.Optionally.csproj", "{53863031-AE4A-46F7-B583-95DF0D19E815}"
EndProject
Global
	GlobalSection(SolutionConfigurationPlatforms) = preSolution
		Debug|Any CPU = Debug|Any CPU
		Release|Any CPU = Release|Any CPU
	EndGlobalSection
	GlobalSection(ProjectConfigurationPlatforms) = postSolution
		{D65A7443-3D63-4CAE-A6A3-E1081CE8AAD1}.Debug|Any CPU.ActiveCfg = Debug|Any CPU
		{D65A7443-3D63-4CAE-A6A3-E1081CE8AAD1}.Debug|Any CPU.Build.0 = Debug|Any CPU
		{D65A7443-3D63-4CAE-A6A3-E1081CE8AAD1}.Release|Any CPU.ActiveCfg = Release|Any CPU
		{D65A7443-3D63-4CAE-A6A3-E1081CE8AAD1}.Release|Any CPU.Build.0 = Release|Any CPU
		{A31B3C14-83C3-481B-AC3A-FCBF706E9ABB}.Debug|Any CPU.ActiveCfg = Debug|Any CPU
		{A31B3C14-83C3-481B-AC3A-FCBF706E9ABB}.Debug|Any CPU.Build.0 = Debug|Any CPU
		{A31B3C14-83C3-481B-AC3A-FCBF706E9ABB}.Release|Any CPU.ActiveCfg = Release|Any CPU
		{A31B3C14-83C3-481B-AC3A-FCBF706E9ABB}.Release|Any CPU.Build.0 = Release|Any CPU
		{803B821E-403D-4EF3-8A3C-EE575E6804BC}.Debug|Any CPU.ActiveCfg = Debug|Any CPU
		{803B821E-403D-4EF3-8A3C-EE575E6804BC}.Debug|Any CPU.Build.0 = Debug|Any CPU
		{803B821E-403D-4EF3-8A3C-EE575E6804BC}.Release|Any CPU.ActiveCfg = Release|Any CPU
		{803B821E-403D-4EF3-8A3C-EE575E6804BC}.Release|Any CPU.Build.0 = Release|Any CPU
		{53863031-AE4A-46F7-B583-95DF0D19E815}.Debug|Any CPU.ActiveCfg = Debug|Any CPU
		{53863031-AE4A-46F7-B583-95DF0D19E815}.Debug|Any CPU.Build.0 = Debug|Any CPU
		{53863031-AE4A-46F7-B583-95DF0D19E815}.Release|Any CPU.ActiveCfg = Release|Any CPU
		{53863031-AE4A-46F7-B583-95DF0D19E815}.Release|Any CPU.Build.0 = Release|Any CPU
	EndGlobalSection
	GlobalSection(SolutionProperties) = preSolution
		HideSolutionNode = FALSE
	EndGlobalSection
	GlobalSection(ExtensibilityGlobals) = postSolution
		SolutionGuid = {5AB47878-992E-4EFE-B8D4-7CD74B9D437B}
	EndGlobalSection
EndGlobal
