
Microsoft Visual Studio Solution File, Format Version 12.00
# Visual Studio Version 16
VisualStudioVersion = 16.0.29806.167
MinimumVisualStudioVersion = 10.0.40219.1


Project("{FAE04EC0-301F-11D3-BF4B-00C04F79EFBC}") = "HW06.Task1", "HW06.Task1\HW06.Task1.csproj", "{D65A7443-3D63-4CAE-A6A3-E1081CE8AAD1}"
EndProject
Project("{FAE04EC0-301F-11D3-BF4B-00C04F79EFBC}") = "HW06.Task2", "HW06.Task2\HW06.Task2.csproj", "{A31B3C14-83C3-481B-AC3A-FCBF706E9ABB}"
EndProject
Project("{FAE04EC0-301F-11D3-BF4B-00C04F79EFBC}") = "HW06.Task3", "HW06.Task3\HW06.Task3.csproj", "{803B821E-403D-4EF3-8A3C-EE575E6804BC}"
EndProject
Project("{FAE04EC0-301F-11D3-BF4B-00C04F79EFBC}") = "HW06.Optionally", "HW06.Optionally\HW06.Optionally.csproj", "{53863031-AE4A-46F7-B583-95DF0D19E815}"

Project("{FAE04EC0-301F-11D3-BF4B-00C04F79EFBC}") = "HW05.Task1", "HW05.Task1\HW05.Task1.csproj", "{7471F4DC-7371-4F41-B3F7-D5495C45F6F6}"
EndProject
Project("{FAE04EC0-301F-11D3-BF4B-00C04F79EFBC}") = "HW05.Task2", "HW05.Task2\HW05.Task2.csproj", "{1DBF175A-0581-4F6E-B2DB-A8FDC4288ED3}"


Project("{2150E333-8FDC-42A3-9474-1A3956D46DE8}") = "hw_01_assets", "hw_01_assets", "{356E952B-2FF9-46D9-A883-CFBBBBFA358C}"
	ProjectSection(SolutionItems) = preProject
		..\..\cours\ht1\booking_flowchart.png = ..\..\cours\ht1\booking_flowchart.png
		..\..\cours\ht1\booking_text.txt = ..\..\cours\ht1\booking_text.txt
	EndProjectSection
Project("{FAE04EC0-301F-11D3-BF4B-00C04F79EFBC}") = "HW.02", "HW.02\HW.02.csproj", "{ADDCD854-D70F-45D8-A078-AB4599C294EA}"

EndProject
Global
	GlobalSection(SolutionConfigurationPlatforms) = preSolution
		Debug|Any CPU = Debug|Any CPU
		Release|Any CPU = Release|Any CPU
	EndGlobalSection
	GlobalSection(ProjectConfigurationPlatforms) = postSolution


		{D65A7443-3D63-4CAE-A6A3-E1081CE8AAD1}.Debug|Any CPU.ActiveCfg = Debug|Any CPU
		{D65A7443-3D63-4CAE-A6A3-E1081CE8AAD1}.Debug|Any CPU.Build.0 = Debug|Any CPU
		{D65A7443-3D63-4CAE-A6A3-E1081CE8AAD1}.Release|Any CPU.ActiveCfg = Release|Any CPU
		{D65A7443-3D63-4CAE-A6A3-E1081CE8AAD1}.Release|Any CPU.Build.0 = Release|Any CPU
		{A31B3C14-83C3-481B-AC3A-FCBF706E9ABB}.Debug|Any CPU.ActiveCfg = Debug|Any CPU
		{A31B3C14-83C3-481B-AC3A-FCBF706E9ABB}.Debug|Any CPU.Build.0 = Debug|Any CPU
		{A31B3C14-83C3-481B-AC3A-FCBF706E9ABB}.Release|Any CPU.ActiveCfg = Release|Any CPU
		{A31B3C14-83C3-481B-AC3A-FCBF706E9ABB}.Release|Any CPU.Build.0 = Release|Any CPU
		{803B821E-403D-4EF3-8A3C-EE575E6804BC}.Debug|Any CPU.ActiveCfg = Debug|Any CPU
		{803B821E-403D-4EF3-8A3C-EE575E6804BC}.Debug|Any CPU.Build.0 = Debug|Any CPU
		{803B821E-403D-4EF3-8A3C-EE575E6804BC}.Release|Any CPU.ActiveCfg = Release|Any CPU
		{803B821E-403D-4EF3-8A3C-EE575E6804BC}.Release|Any CPU.Build.0 = Release|Any CPU
		{53863031-AE4A-46F7-B583-95DF0D19E815}.Debug|Any CPU.ActiveCfg = Debug|Any CPU
		{53863031-AE4A-46F7-B583-95DF0D19E815}.Debug|Any CPU.Build.0 = Debug|Any CPU
		{53863031-AE4A-46F7-B583-95DF0D19E815}.Release|Any CPU.ActiveCfg = Release|Any CPU
		{53863031-AE4A-46F7-B583-95DF0D19E815}.Release|Any CPU.Build.0 = Release|Any CPU

		{7471F4DC-7371-4F41-B3F7-D5495C45F6F6}.Debug|Any CPU.ActiveCfg = Debug|Any CPU
		{7471F4DC-7371-4F41-B3F7-D5495C45F6F6}.Debug|Any CPU.Build.0 = Debug|Any CPU
		{7471F4DC-7371-4F41-B3F7-D5495C45F6F6}.Release|Any CPU.ActiveCfg = Release|Any CPU
		{7471F4DC-7371-4F41-B3F7-D5495C45F6F6}.Release|Any CPU.Build.0 = Release|Any CPU
		{1DBF175A-0581-4F6E-B2DB-A8FDC4288ED3}.Debug|Any CPU.ActiveCfg = Debug|Any CPU
		{1DBF175A-0581-4F6E-B2DB-A8FDC4288ED3}.Debug|Any CPU.Build.0 = Debug|Any CPU
		{1DBF175A-0581-4F6E-B2DB-A8FDC4288ED3}.Release|Any CPU.ActiveCfg = Release|Any CPU
		{1DBF175A-0581-4F6E-B2DB-A8FDC4288ED3}.Release|Any CPU.Build.0 = Release|Any CPU


		{ADDCD854-D70F-45D8-A078-AB4599C294EA}.Debug|Any CPU.ActiveCfg = Debug|Any CPU
		{ADDCD854-D70F-45D8-A078-AB4599C294EA}.Debug|Any CPU.Build.0 = Debug|Any CPU
		{ADDCD854-D70F-45D8-A078-AB4599C294EA}.Release|Any CPU.ActiveCfg = Release|Any CPU
		{ADDCD854-D70F-45D8-A078-AB4599C294EA}.Release|Any CPU.Build.0 = Release|Any CPU

	EndGlobalSection
	GlobalSection(SolutionProperties) = preSolution
		HideSolutionNode = FALSE
	EndGlobalSection
	GlobalSection(ExtensibilityGlobals) = postSolution
		SolutionGuid = {5AB47878-992E-4EFE-B8D4-7CD74B9D437B}
	EndGlobalSection
EndGlobal
